
Microsoft Visual Studio Solution File, Format Version 12.00
# Visual Studio Version 17
VisualStudioVersion = 17.5.33414.496
MinimumVisualStudioVersion = 10.0.40219.1
Project("{FAE04EC0-301F-11D3-BF4B-00C04F79EFBC}") = "CyberGear.Control", "src\CyberGear.Control\CyberGear.Control.csproj", "{6FA74E9E-0C8D-4363-AA9D-FB9FF773B58B}"
EndProject
Global
	GlobalSection(SolutionConfigurationPlatforms) = preSolution
		Debug|Any CPU = Debug|Any CPU
		Release|Any CPU = Release|Any CPU
	EndGlobalSection
	GlobalSection(ProjectConfigurationPlatforms) = postSolution
		{6FA74E9E-0C8D-4363-AA9D-FB9FF773B58B}.Debug|Any CPU.ActiveCfg = Debug|Any CPU
		{6FA74E9E-0C8D-4363-AA9D-FB9FF773B58B}.Debug|Any CPU.Build.0 = Debug|Any CPU
		{6FA74E9E-0C8D-4363-AA9D-FB9FF773B58B}.Release|Any CPU.ActiveCfg = Release|Any CPU
		{6FA74E9E-0C8D-4363-AA9D-FB9FF773B58B}.Release|Any CPU.Build.0 = Release|Any CPU
	EndGlobalSection
	GlobalSection(SolutionProperties) = preSolution
		HideSolutionNode = FALSE
	EndGlobalSection
	GlobalSection(ExtensibilityGlobals) = postSolution
		SolutionGuid = {D2018117-1F55-4B2E-9C97-DAD0E9D43DFF}
	EndGlobalSection
EndGlobal
